
Microsoft Visual Studio Solution File, Format Version 12.00
# Visual Studio 11
Project("{FAE04EC0-301F-11D3-BF4B-00C04F79EFBC}") = "Saalut", "Saalut\Saalut.csproj", "{55CEEBA0-8F5C-4AA6-9F59-5F62EFBC1196}"
EndProject
Global
	GlobalSection(SolutionConfigurationPlatforms) = preSolution
		Debug|Any CPU = Debug|Any CPU
		Release|Any CPU = Release|Any CPU
	EndGlobalSection
	GlobalSection(ProjectConfigurationPlatforms) = postSolution
		{55CEEBA0-8F5C-4AA6-9F59-5F62EFBC1196}.Debug|Any CPU.ActiveCfg = Debug|Any CPU
		{55CEEBA0-8F5C-4AA6-9F59-5F62EFBC1196}.Debug|Any CPU.Build.0 = Debug|Any CPU
		{55CEEBA0-8F5C-4AA6-9F59-5F62EFBC1196}.Release|Any CPU.ActiveCfg = Release|Any CPU
		{55CEEBA0-8F5C-4AA6-9F59-5F62EFBC1196}.Release|Any CPU.Build.0 = Release|Any CPU
	EndGlobalSection
	GlobalSection(SolutionProperties) = preSolution
		HideSolutionNode = FALSE
	EndGlobalSection
EndGlobal
